{
  "version": "5",
  "specifiers": {
    "jsr:@std/assert@1": "1.0.19",
    "jsr:@std/internal@^1.0.12": "1.0.14"
  },
  "jsr": {
    "@std/assert@1.0.19": {
      "integrity": "eaada96ee120cb980bc47e040f82814d786fe8162ecc53c91d8df60b8755991e",
      "dependencies": [
        "jsr:@std/internal"
      ]
    },
    "@std/internal@1.0.14": {
      "integrity": "291516b3d4c35024d6ffbc0a9df5bf4c64116e05b50012cf846710152d2ffdf7"
    }
  },
  "workspace": {
    "packageJson": {
      "dependencies": [
        "npm:@expo/ui@~57.0.20",
        "npm:@supabase/supabase-js@^2.117.1",
        "npm:@tanstack/react-query@^5.103.2",
        "npm:@testing-library/react-native@^14.0.1",
        "npm:@types/jest@29.5.14",
        "npm:@types/react@~19.2.2",
        "npm:expo-constants@~57.0.19",
        "npm:expo-device@~57.0.2",
        "npm:expo-font@~57.0.4",
        "npm:expo-glass-effect@~57.0.4",
        "npm:expo-image@~57.0.5",
        "npm:expo-linking@~57.0.11",
        "npm:expo-router@~57.0.23",
        "npm:expo-splash-screen@~57.0.9",
        "npm:expo-sqlite@~57.0.3",
        "npm:expo-status-bar@~57.0.1",
        "npm:expo-symbols@~57.0.3",
        "npm:expo-system-ui@~57.0.4",
        "npm:expo-web-browser@~57.0.3",
        "npm:expo@~57.0.25",
        "npm:jest-expo@~57.0.5",
        "npm:jest@29.7",
        "npm:react-dom@19.2.3",
        "npm:react-native-gesture-handler@2.32",
        "npm:react-native-reanimated@4.5.1",
        "npm:react-native-safe-area-context@5.7",
        "npm:react-native-screens@4.26",
        "npm:react-native-web@0.21",
        "npm:react-native-worklets@0.10.1",
        "npm:react-native@0.86.3",
        "npm:react@19.2.3",
        "npm:typescript@~6.0.3"
      ]
    }
  }
}
